
Microsoft Visual Studio Solution File, Format Version 12.00
# Visual Studio 15
VisualStudioVersion = 15.0.27924.0
MinimumVisualStudioVersion = 10.0.40219.1
Project("{FAE04EC0-301F-11D3-BF4B-00C04F79EFBC}") = "VersioningSample", "VersioningSample\VersioningSample.csproj", "{44829B95-E139-41E3-93D3-B77DBA9A2AF9}"
EndProject
Global
	GlobalSection(SolutionConfigurationPlatforms) = preSolution
		Debug|Any CPU = Debug|Any CPU
		Release|Any CPU = Release|Any CPU
	EndGlobalSection
	GlobalSection(ProjectConfigurationPlatforms) = postSolution
		{44829B95-E139-41E3-93D3-B77DBA9A2AF9}.Debug|Any CPU.ActiveCfg = Debug|Any CPU
		{44829B95-E139-41E3-93D3-B77DBA9A2AF9}.Debug|Any CPU.Build.0 = Debug|Any CPU
		{44829B95-E139-41E3-93D3-B77DBA9A2AF9}.Release|Any CPU.ActiveCfg = Release|Any CPU
		{44829B95-E139-41E3-93D3-B77DBA9A2AF9}.Release|Any CPU.Build.0 = Release|Any CPU
	EndGlobalSection
	GlobalSection(SolutionProperties) = preSolution
		HideSolutionNode = FALSE
	EndGlobalSection
	GlobalSection(ExtensibilityGlobals) = postSolution
		SolutionGuid = {1969B82F-9017-4A8C-AF53-39A74961B592}
	EndGlobalSection
EndGlobal
